
Microsoft Visual Studio Solution File, Format Version 12.00
# Visual Studio Version 17
VisualStudioVersion = 17.2.32317.152
MinimumVisualStudioVersion = 10.0.40219.1
Project("{FAE04EC0-301F-11D3-BF4B-00C04F79EFBC}") = "GDCursorLock", "GDCursorLock\GDCursorLock.csproj", "{B7C9FD68-5FA0-46D5-A772-F20554D7FEC7}"
EndProject
Global
	GlobalSection(SolutionConfigurationPlatforms) = preSolution
		Debug|Any CPU = Debug|Any CPU
		Release|Any CPU = Release|Any CPU
	EndGlobalSection
	GlobalSection(ProjectConfigurationPlatforms) = postSolution
		{B7C9FD68-5FA0-46D5-A772-F20554D7FEC7}.Debug|Any CPU.ActiveCfg = Debug|Any CPU
		{B7C9FD68-5FA0-46D5-A772-F20554D7FEC7}.Debug|Any CPU.Build.0 = Debug|Any CPU
		{B7C9FD68-5FA0-46D5-A772-F20554D7FEC7}.Release|Any CPU.ActiveCfg = Release|Any CPU
		{B7C9FD68-5FA0-46D5-A772-F20554D7FEC7}.Release|Any CPU.Build.0 = Release|Any CPU
	EndGlobalSection
	GlobalSection(SolutionProperties) = preSolution
		HideSolutionNode = FALSE
	EndGlobalSection
	GlobalSection(ExtensibilityGlobals) = postSolution
		SolutionGuid = {33F97D08-FA9A-4FE8-98FC-206DBF57375B}
	EndGlobalSection
EndGlobal
